// !$*UTF8*$!
{
	archiveVersion = 1;
	classes = {
	};
	objectVersion = 46;
	objects = {

/* Begin PBXBuildFile section */
		F24F686B1C9BDAC100D8A3F9 /* Main.storyboard in Resources */ = {isa = PBXBuildFile; fileRef = F24F68691C9BDAC100D8A3F9 /* Main.storyboard */; };
		F24F686D1C9BDAC100D8A3F9 /* Assets.xcassets in Resources */ = {isa = PBXBuildFile; fileRef = F24F686C1C9BDAC100D8A3F9 /* Assets.xcassets */; };
		F24F68701C9BDAC100D8A3F9 /* LaunchScreen.storyboard in Resources */ = {isa = PBXBuildFile; fileRef = F24F686E1C9BDAC100D8A3F9 /* LaunchScreen.storyboard */; };
		F24F687B1C9BDAC100D8A3F9 /* TicketsTests.swift in Sources */ = {isa = PBXBuildFile; fileRef = F24F687A1C9BDAC100D8A3F9 /* TicketsTests.swift */; };
		F24F68861C9BDAC100D8A3F9 /* TicketsUITests.swift in Sources */ = {isa = PBXBuildFile; fileRef = F24F68851C9BDAC100D8A3F9 /* TicketsUITests.swift */; };
		F24F689B1C9BE26800D8A3F9 /* AppDelegate.swift in Sources */ = {isa = PBXBuildFile; fileRef = F24F68951C9BE26800D8A3F9 /* AppDelegate.swift */; };
/* End PBXBuildFile section */

/* Begin PBXContainerItemProxy section */
		F24F68771C9BDAC100D8A3F9 /* PBXContainerItemProxy */ = {
			isa = PBXContainerItemProxy;
			containerPortal = F24F685A1C9BDAC100D8A3F9 /* Project object */;
			proxyType = 1;
			remoteGlobalIDString = F24F68611C9BDAC100D8A3F9;
			remoteInfo = Tickets;
		};
		F24F68821C9BDAC100D8A3F9 /* PBXContainerItemProxy */ = {
			isa = PBXContainerItemProxy;
			containerPortal = F24F685A1C9BDAC100D8A3F9 /* Project object */;
			proxyType = 1;
			remoteGlobalIDString = F24F68611C9BDAC100D8A3F9;
			remoteInfo = Tickets;
		};
/* End PBXContainerItemProxy section */

/* Begin PBXFileReference section */
		F24F68621C9BDAC100D8A3F9 /* Tickets.app */ = {isa = PBXFileReference; explicitFileType = wrapper.application; includeInIndex = 0; path = Tickets.app; sourceTree = BUILT_PRODUCTS_DIR; };
		F24F686A1C9BDAC100D8A3F9 /* Base */ = {isa = PBXFileReference; lastKnownFileType = file.storyboard; name = Base; path = Base.lproj/Main.storyboard; sourceTree = "<group>"; };
		F24F686C1C9BDAC100D8A3F9 /* Assets.xcassets */ = {isa = PBXFileReference; lastKnownFileType = folder.assetcatalog; path = Assets.xcassets; sourceTree = "<group>"; };
		F24F686F1C9BDAC100D8A3F9 /* Base */ = {isa = PBXFileReference; lastKnownFileType = file.storyboard; name = Base; path = Base.lproj/LaunchScreen.storyboard; sourceTree = "<group>"; };
		F24F68711C9BDAC100D8A3F9 /* Info.plist */ = {isa = PBXFileReference; lastKnownFileType = text.plist.xml; path = Info.plist; sourceTree = "<group>"; };
		F24F68761C9BDAC100D8A3F9 /* TicketsTests.xctest */ = {isa = PBXFileReference; explicitFileType = wrapper.cfbundle; includeInIndex = 0; path = TicketsTests.xctest; sourceTree = BUILT_PRODUCTS_DIR; };
		F24F687A1C9BDAC100D8A3F9 /* TicketsTests.swift */ = {isa = PBXFileReference; lastKnownFileType = sourcecode.swift; path = TicketsTests.swift; sourceTree = "<group>"; };
		F24F687C1C9BDAC100D8A3F9 /* Info.plist */ = {isa = PBXFileReference; lastKnownFileType = text.plist.xml; path = Info.plist; sourceTree = "<group>"; };
		F24F68811C9BDAC100D8A3F9 /* TicketsUITests.xctest */ = {isa = PBXFileReference; explicitFileType = wrapper.cfbundle; includeInIndex = 0; path = TicketsUITests.xctest; sourceTree = BUILT_PRODUCTS_DIR; };
		F24F68851C9BDAC100D8A3F9 /* TicketsUITests.swift */ = {isa = PBXFileReference; lastKnownFileType = sourcecode.swift; path = TicketsUITests.swift; sourceTree = "<group>"; };
		F24F68871C9BDAC100D8A3F9 /* Info.plist */ = {isa = PBXFileReference; lastKnownFileType = text.plist.xml; path = Info.plist; sourceTree = "<group>"; };
		F24F68951C9BE26800D8A3F9 /* AppDelegate.swift */ = {isa = PBXFileReference; fileEncoding = 4; lastKnownFileType = sourcecode.swift; name = AppDelegate.swift; path = Source/AppDelegate.swift; sourceTree = "<group>"; };
/* End PBXFileReference section */

/* Begin PBXFrameworksBuildPhase section */
		F24F685F1C9BDAC100D8A3F9 /* Frameworks */ = {
			isa = PBXFrameworksBuildPhase;
			buildActionMask = 2147483647;
			files = (
			);
			runOnlyForDeploymentPostprocessing = 0;
		};
		F24F68731C9BDAC100D8A3F9 /* Frameworks */ = {
			isa = PBXFrameworksBuildPhase;
			buildActionMask = 2147483647;
			files = (
			);
			runOnlyForDeploymentPostprocessing = 0;
		};
		F24F687E1C9BDAC100D8A3F9 /* Frameworks */ = {
			isa = PBXFrameworksBuildPhase;
			buildActionMask = 2147483647;
			files = (
			);
			runOnlyForDeploymentPostprocessing = 0;
		};
/* End PBXFrameworksBuildPhase section */

/* Begin PBXGroup section */
		F24F68591C9BDAC100D8A3F9 = {
			isa = PBXGroup;
			children = (
				F24F68641C9BDAC100D8A3F9 /* Tickets */,
				F24F68791C9BDAC100D8A3F9 /* TicketsTests */,
				F24F68841C9BDAC100D8A3F9 /* TicketsUITests */,
				F24F68631C9BDAC100D8A3F9 /* Products */,
			);
			sourceTree = "<group>";
		};
		F24F68631C9BDAC100D8A3F9 /* Products */ = {
			isa = PBXGroup;
			children = (
				F24F68621C9BDAC100D8A3F9 /* Tickets.app */,
				F24F68761C9BDAC100D8A3F9 /* TicketsTests.xctest */,
				F24F68811C9BDAC100D8A3F9 /* TicketsUITests.xctest */,
			);
			name = Products;
			sourceTree = "<group>";
		};
		F24F68641C9BDAC100D8A3F9 /* Tickets */ = {
			isa = PBXGroup;
			children = (
				F24F68951C9BE26800D8A3F9 /* AppDelegate.swift */,
				F24F68941C9BE26800D8A3F9 /* Source */,
				F24F68931C9BE26800D8A3F9 /* Resources */,
				F24F686C1C9BDAC100D8A3F9 /* Assets.xcassets */,
				F24F68711C9BDAC100D8A3F9 /* Info.plist */,
			);
			path = Tickets;
			sourceTree = "<group>";
		};
		F24F68791C9BDAC100D8A3F9 /* TicketsTests */ = {
			isa = PBXGroup;
			children = (
				F24F687A1C9BDAC100D8A3F9 /* TicketsTests.swift */,
				F24F687C1C9BDAC100D8A3F9 /* Info.plist */,
			);
			path = TicketsTests;
			sourceTree = "<group>";
		};
		F24F68841C9BDAC100D8A3F9 /* TicketsUITests */ = {
			isa = PBXGroup;
			children = (
				F24F68851C9BDAC100D8A3F9 /* TicketsUITests.swift */,
				F24F68871C9BDAC100D8A3F9 /* Info.plist */,
			);
			path = TicketsUITests;
			sourceTree = "<group>";
		};
		F24F68931C9BE26800D8A3F9 /* Resources */ = {
			isa = PBXGroup;
			children = (
			);
			path = Resources;
			sourceTree = "<group>";
		};
		F24F68941C9BE26800D8A3F9 /* Source */ = {
			isa = PBXGroup;
			children = (
				F24F68691C9BDAC100D8A3F9 /* Main.storyboard */,
				F24F686E1C9BDAC100D8A3F9 /* LaunchScreen.storyboard */,
				F24F68961C9BE26800D8A3F9 /* Controllers */,
				F24F68971C9BE26800D8A3F9 /* Helpers */,
				F24F68981C9BE26800D8A3F9 /* Libraries */,
				F24F68991C9BE26800D8A3F9 /* Models */,
				F24F689A1C9BE26800D8A3F9 /* Views */,
			);
			path = Source;
			sourceTree = "<group>";
		};
		F24F68961C9BE26800D8A3F9 /* Controllers */ = {
			isa = PBXGroup;
			children = (
			);
			path = Controllers;
			sourceTree = "<group>";
		};
		F24F68971C9BE26800D8A3F9 /* Helpers */ = {
			isa = PBXGroup;
			children = (
			);
			path = Helpers;
			sourceTree = "<group>";
		};
		F24F68981C9BE26800D8A3F9 /* Libraries */ = {
			isa = PBXGroup;
			children = (
			);
			path = Libraries;
			sourceTree = "<group>";
		};
		F24F68991C9BE26800D8A3F9 /* Models */ = {
			isa = PBXGroup;
			children = (
			);
			path = Models;
			sourceTree = "<group>";
		};
		F24F689A1C9BE26800D8A3F9 /* Views */ = {
			isa = PBXGroup;
			children = (
			);
			path = Views;
			sourceTree = "<group>";
		};
/* End PBXGroup section */

/* Begin PBXNativeTarget section */
		F24F68611C9BDAC100D8A3F9 /* Tickets */ = {
			isa = PBXNativeTarget;
			buildConfigurationList = F24F688A1C9BDAC100D8A3F9 /* Build configuration list for PBXNativeTarget "Tickets" */;
			buildPhases = (
				F24F685E1C9BDAC100D8A3F9 /* Sources */,
				F24F685F1C9BDAC100D8A3F9 /* Frameworks */,
				F24F68601C9BDAC100D8A3F9 /* Resources */,
			);
			buildRules = (
			);
			dependencies = (
			);
			name = Tickets;
			productName = Tickets;
			productReference = F24F68621C9BDAC100D8A3F9 /* Tickets.app */;
			productType = "com.apple.product-type.application";
		};
		F24F68751C9BDAC100D8A3F9 /* TicketsTests */ = {
			isa = PBXNativeTarget;
			buildConfigurationList = F24F688D1C9BDAC100D8A3F9 /* Build configuration list for PBXNativeTarget "TicketsTests" */;
			buildPhases = (
				F24F68721C9BDAC100D8A3F9 /* Sources */,
				F24F68731C9BDAC100D8A3F9 /* Frameworks */,
				F24F68741C9BDAC100D8A3F9 /* Resources */,
			);
			buildRules = (
			);
			dependencies = (
				F24F68781C9BDAC100D8A3F9 /* PBXTargetDependency */,
			);
			name = TicketsTests;
			productName = TicketsTests;
			productReference = F24F68761C9BDAC100D8A3F9 /* TicketsTests.xctest */;
			productType = "com.apple.product-type.bundle.unit-test";
		};
		F24F68801C9BDAC100D8A3F9 /* TicketsUITests */ = {
			isa = PBXNativeTarget;
			buildConfigurationList = F24F68901C9BDAC100D8A3F9 /* Build configuration list for PBXNativeTarget "TicketsUITests" */;
			buildPhases = (
				F24F687D1C9BDAC100D8A3F9 /* Sources */,
				F24F687E1C9BDAC100D8A3F9 /* Frameworks */,
				F24F687F1C9BDAC100D8A3F9 /* Resources */,
			);
			buildRules = (
			);
			dependencies = (
				F24F68831C9BDAC100D8A3F9 /* PBXTargetDependency */,
			);
			name = TicketsUITests;
			productName = TicketsUITests;
			productReference = F24F68811C9BDAC100D8A3F9 /* TicketsUITests.xctest */;
			productType = "com.apple.product-type.bundle.ui-testing";
		};
/* End PBXNativeTarget section */

/* Begin PBXProject section */
		F24F685A1C9BDAC100D8A3F9 /* Project object */ = {
			isa = PBXProject;
			attributes = {
				LastSwiftUpdateCheck = 0720;
				LastUpgradeCheck = 0720;
				ORGANIZATIONNAME = SmartDev;
				TargetAttributes = {
					F24F68611C9BDAC100D8A3F9 = {
						CreatedOnToolsVersion = 7.2;
					};
					F24F68751C9BDAC100D8A3F9 = {
						CreatedOnToolsVersion = 7.2;
						TestTargetID = F24F68611C9BDAC100D8A3F9;
					};
					F24F68801C9BDAC100D8A3F9 = {
						CreatedOnToolsVersion = 7.2;
						TestTargetID = F24F68611C9BDAC100D8A3F9;
					};
				};
			};
			buildConfigurationList = F24F685D1C9BDAC100D8A3F9 /* Build configuration list for PBXProject "Tickets" */;
			compatibilityVersion = "Xcode 3.2";
			developmentRegion = English;
			hasScannedForEncodings = 0;
			knownRegions = (
				en,
				Base,
			);
			mainGroup = F24F68591C9BDAC100D8A3F9;
			productRefGroup = F24F68631C9BDAC100D8A3F9 /* Products */;
			projectDirPath = "";
			projectRoot = "";
			targets = (
				F24F68611C9BDAC100D8A3F9 /* Tickets */,
				F24F68751C9BDAC100D8A3F9 /* TicketsTests */,
				F24F68801C9BDAC100D8A3F9 /* TicketsUITests */,
			);
		};
/* End PBXProject section */

/* Begin PBXResourcesBuildPhase section */
		F24F68601C9BDAC100D8A3F9 /* Resources */ = {
			isa = PBXResourcesBuildPhase;
			buildActionMask = 2147483647;
			files = (
				F24F68701C9BDAC100D8A3F9 /* LaunchScreen.storyboard in Resources */,
				F24F686D1C9BDAC100D8A3F9 /* Assets.xcassets in Resources */,
				F24F686B1C9BDAC100D8A3F9 /* Main.storyboard in Resources */,
			);
			runOnlyForDeploymentPostprocessing = 0;
		};
		F24F68741C9BDAC100D8A3F9 /* Resources */ = {
			isa = PBXResourcesBuildPhase;
			buildActionMask = 2147483647;
			files = (
			);
			runOnlyForDeploymentPostprocessing = 0;
		};
		F24F687F1C9BDAC100D8A3F9 /* Resources */ = {
			isa = PBXResourcesBuildPhase;
			buildActionMask = 2147483647;
			files = (
			);
			runOnlyForDeploymentPostprocessing = 0;
		};
/* End PBXResourcesBuildPhase section */

/* Begin PBXSourcesBuildPhase section */
		F24F685E1C9BDAC100D8A3F9 /* Sources */ = {
			isa = PBXSourcesBuildPhase;
			buildActionMask = 2147483647;
			files = (
				F24F689B1C9BE26800D8A3F9 /* AppDelegate.swift in Sources */,
			);
			runOnlyForDeploymentPostprocessing = 0;
		};
		F24F68721C9BDAC100D8A3F9 /* Sources */ = {
			isa = PBXSourcesBuildPhase;
			buildActionMask = 2147483647;
			files = (
				F24F687B1C9BDAC100D8A3F9 /* TicketsTests.swift in Sources */,
			);
			runOnlyForDeploymentPostprocessing = 0;
		};
		F24F687D1C9BDAC100D8A3F9 /* Sources */ = {
			isa = PBXSourcesBuildPhase;
			buildActionMask = 2147483647;
			files = (
				F24F68861C9BDAC100D8A3F9 /* TicketsUITests.swift in Sources */,
			);
			runOnlyForDeploymentPostprocessing = 0;
		};
/* End PBXSourcesBuildPhase section */

/* Begin PBXTargetDependency section */
		F24F68781C9BDAC100D8A3F9 /* PBXTargetDependency */ = {
			isa = PBXTargetDependency;
			target = F24F68611C9BDAC100D8A3F9 /* Tickets */;
			targetProxy = F24F68771C9BDAC100D8A3F9 /* PBXContainerItemProxy */;
		};
		F24F68831C9BDAC100D8A3F9 /* PBXTargetDependency */ = {
			isa = PBXTargetDependency;
			target = F24F68611C9BDAC100D8A3F9 /* Tickets */;
			targetProxy = F24F68821C9BDAC100D8A3F9 /* PBXContainerItemProxy */;
		};
/* End PBXTargetDependency section */

/* Begin PBXVariantGroup section */
		F24F68691C9BDAC100D8A3F9 /* Main.storyboard */ = {
			isa = PBXVariantGroup;
			children = (
				F24F686A1C9BDAC100D8A3F9 /* Base */,
			);
			name = Main.storyboard;
			path = ..;
			sourceTree = "<group>";
		};
		F24F686E1C9BDAC100D8A3F9 /* LaunchScreen.storyboard */ = {
			isa = PBXVariantGroup;
			children = (
				F24F686F1C9BDAC100D8A3F9 /* Base */,
			);
			name = LaunchScreen.storyboard;
			path = ..;
			sourceTree = "<group>";
		};
/* End PBXVariantGroup section */

/* Begin XCBuildConfiguration section */
		F24F68881C9BDAC100D8A3F9 /* Debug */ = {
			isa = XCBuildConfiguration;
			buildSettings = {
				ALWAYS_SEARCH_USER_PATHS = NO;
				CLANG_CXX_LANGUAGE_STANDARD = "gnu++0x";
				CLANG_CXX_LIBRARY = "libc++";
				CLANG_ENABLE_MODULES = YES;
				CLANG_ENABLE_OBJC_ARC = YES;
				CLANG_WARN_BOOL_CONVERSION = YES;
				CLANG_WARN_CONSTANT_CONVERSION = YES;
				CLANG_WARN_DIRECT_OBJC_ISA_USAGE = YES_ERROR;
				CLANG_WARN_EMPTY_BODY = YES;
				CLANG_WARN_ENUM_CONVERSION = YES;
				CLANG_WARN_INT_CONVERSION = YES;
				CLANG_WARN_OBJC_ROOT_CLASS = YES_ERROR;
				CLANG_WARN_UNREACHABLE_CODE = YES;
				CLANG_WARN__DUPLICATE_METHOD_MATCH = YES;
				"CODE_SIGN_IDENTITY[sdk=iphoneos*]" = "iPhone Developer";
				COPY_PHASE_STRIP = NO;
				DEBUG_INFORMATION_FORMAT = dwarf;
				ENABLE_STRICT_OBJC_MSGSEND = YES;
				ENABLE_TESTABILITY = YES;
				GCC_C_LANGUAGE_STANDARD = gnu99;
				GCC_DYNAMIC_NO_PIC = NO;
				GCC_NO_COMMON_BLOCKS = YES;
				GCC_OPTIMIZATION_LEVEL = 0;
				GCC_PREPROCESSOR_DEFINITIONS = (
					"DEBUG=1",
					"$(inherited)",
				);
				GCC_WARN_64_TO_32_BIT_CONVERSION = YES;
				GCC_WARN_ABOUT_RETURN_TYPE = YES_ERROR;
				GCC_WARN_UNDECLARED_SELECTOR = YES;
				GCC_WARN_UNINITIALIZED_AUTOS = YES_AGGRESSIVE;
				GCC_WARN_UNUSED_FUNCTION = YES;
				GCC_WARN_UNUSED_VARIABLE = YES;
				IPHONEOS_DEPLOYMENT_TARGET = 9.2;
				MTL_ENABLE_DEBUG_INFO = YES;
				ONLY_ACTIVE_ARCH = YES;
				SDKROOT = iphoneos;
				SWIFT_OPTIMIZATION_LEVEL = "-Onone";
			};
			name = Debug;
		};
		F24F68891C9BDAC100D8A3F9 /* Release */ = {
			isa = XCBuildConfiguration;
			buildSettings = {
				ALWAYS_SEARCH_USER_PATHS = NO;
				CLANG_CXX_LANGUAGE_STANDARD = "gnu++0x";
				CLANG_CXX_LIBRARY = "libc++";
				CLANG_ENABLE_MODULES = YES;
				CLANG_ENABLE_OBJC_ARC = YES;
				CLANG_WARN_BOOL_CONVERSION = YES;
				CLANG_WARN_CONSTANT_CONVERSION = YES;
				CLANG_WARN_DIRECT_OBJC_ISA_USAGE = YES_ERROR;
				CLANG_WARN_EMPTY_BODY = YES;
				CLANG_WARN_ENUM_CONVERSION = YES;
				CLANG_WARN_INT_CONVERSION = YES;
				CLANG_WARN_OBJC_ROOT_CLASS = YES_ERROR;
				CLANG_WARN_UNREACHABLE_CODE = YES;
				CLANG_WARN__DUPLICATE_METHOD_MATCH = YES;
				"CODE_SIGN_IDENTITY[sdk=iphoneos*]" = "iPhone Developer";
				COPY_PHASE_STRIP = NO;
				DEBUG_INFORMATION_FORMAT = "dwarf-with-dsym";
				ENABLE_NS_ASSERTIONS = NO;
				ENABLE_STRICT_OBJC_MSGSEND = YES;
				GCC_C_LANGUAGE_STANDARD = gnu99;
				GCC_NO_COMMON_BLOCKS = YES;
				GCC_WARN_64_TO_32_BIT_CONVERSION = YES;
				GCC_WARN_ABOUT_RETURN_TYPE = YES_ERROR;
				GCC_WARN_UNDECLARED_SELECTOR = YES;
				GCC_WARN_UNINITIALIZED_AUTOS = YES_AGGRESSIVE;
				GCC_WARN_UNUSED_FUNCTION = YES;
				GCC_WARN_UNUSED_VARIABLE = YES;
				IPHONEOS_DEPLOYMENT_TARGET = 9.2;
				MTL_ENABLE_DEBUG_INFO = NO;
				SDKROOT = iphoneos;
				VALIDATE_PRODUCT = YES;
			};
			name = Release;
		};
		F24F688B1C9BDAC100D8A3F9 /* Debug */ = {
			isa = XCBuildConfiguration;
			buildSettings = {
				ASSETCATALOG_COMPILER_APPICON_NAME = AppIcon;
				INFOPLIST_FILE = Tickets/Info.plist;
				LD_RUNPATH_SEARCH_PATHS = "$(inherited) @executable_path/Frameworks";
				PRODUCT_BUNDLE_IDENTIFIER = com.smartdev.Tickets;
				PRODUCT_NAME = "$(TARGET_NAME)";
			};
			name = Debug;
		};
		F24F688C1C9BDAC100D8A3F9 /* Release */ = {
			isa = XCBuildConfiguration;
			buildSettings = {
				ASSETCATALOG_COMPILER_APPICON_NAME = AppIcon;
				INFOPLIST_FILE = Tickets/Info.plist;
				LD_RUNPATH_SEARCH_PATHS = "$(inherited) @executable_path/Frameworks";
				PRODUCT_BUNDLE_IDENTIFIER = com.smartdev.Tickets;
				PRODUCT_NAME = "$(TARGET_NAME)";
			};
			name = Release;
		};
		F24F688E1C9BDAC100D8A3F9 /* Debug */ = {
			isa = XCBuildConfiguration;
			buildSettings = {
				BUNDLE_LOADER = "$(TEST_HOST)";
				INFOPLIST_FILE = TicketsTests/Info.plist;
				LD_RUNPATH_SEARCH_PATHS = "$(inherited) @executable_path/Frameworks @loader_path/Frameworks";
				PRODUCT_BUNDLE_IDENTIFIER = com.smartdev.TicketsTests;
				PRODUCT_NAME = "$(TARGET_NAME)";
				TEST_HOST = "$(BUILT_PRODUCTS_DIR)/Tickets.app/Tickets";
			};
			name = Debug;
		};
		F24F688F1C9BDAC100D8A3F9 /* Release */ = {
			isa = XCBuildConfiguration;
			buildSettings = {
				BUNDLE_LOADER = "$(TEST_HOST)";
				INFOPLIST_FILE = TicketsTests/Info.plist;
				LD_RUNPATH_SEARCH_PATHS = "$(inherited) @executable_path/Frameworks @loader_path/Frameworks";
				PRODUCT_BUNDLE_IDENTIFIER = com.smartdev.TicketsTests;
				PRODUCT_NAME = "$(TARGET_NAME)";
				TEST_HOST = "$(BUILT_PRODUCTS_DIR)/Tickets.app/Tickets";
			};
			name = Release;
		};
		F24F68911C9BDAC100D8A3F9 /* Debug */ = {
			isa = XCBuildConfiguration;
			buildSettings = {
				INFOPLIST_FILE = TicketsUITests/Info.plist;
				LD_RUNPATH_SEARCH_PATHS = "$(inherited) @executable_path/Frameworks @loader_path/Frameworks";
				PRODUCT_BUNDLE_IDENTIFIER = com.smartdev.TicketsUITests;
				PRODUCT_NAME = "$(TARGET_NAME)";
				TEST_TARGET_NAME = Tickets;
				USES_XCTRUNNER = YES;
			};
			name = Debug;
		};
		F24F68921C9BDAC100D8A3F9 /* Release */ = {
			isa = XCBuildConfiguration;
			buildSettings = {
				INFOPLIST_FILE = TicketsUITests/Info.plist;
				LD_RUNPATH_SEARCH_PATHS = "$(inherited) @executable_path/Frameworks @loader_path/Frameworks";
				PRODUCT_BUNDLE_IDENTIFIER = com.smartdev.TicketsUITests;
				PRODUCT_NAME = "$(TARGET_NAME)";
				TEST_TARGET_NAME = Tickets;
				USES_XCTRUNNER = YES;
			};
			name = Release;
		};
/* End XCBuildConfiguration section */

/* Begin XCConfigurationList section */
		F24F685D1C9BDAC100D8A3F9 /* Build configuration list for PBXProject "Tickets" */ = {
			isa = XCConfigurationList;
			buildConfigurations = (
				F24F68881C9BDAC100D8A3F9 /* Debug */,
				F24F68891C9BDAC100D8A3F9 /* Release */,
			);
			defaultConfigurationIsVisible = 0;
			defaultConfigurationName = Release;
		};
		F24F688A1C9BDAC100D8A3F9 /* Build configuration list for PBXNativeTarget "Tickets" */ = {
			isa = XCConfigurationList;
			buildConfigurations = (
				F24F688B1C9BDAC100D8A3F9 /* Debug */,
				F24F688C1C9BDAC100D8A3F9 /* Release */,
			);
			defaultConfigurationIsVisible = 0;
		};
		F24F688D1C9BDAC100D8A3F9 /* Build configuration list for PBXNativeTarget "TicketsTests" */ = {
			isa = XCConfigurationList;
			buildConfigurations = (
				F24F688E1C9BDAC100D8A3F9 /* Debug */,
				F24F688F1C9BDAC100D8A3F9 /* Release */,
			);
			defaultConfigurationIsVisible = 0;
		};
		F24F68901C9BDAC100D8A3F9 /* Build configuration list for PBXNativeTarget "TicketsUITests" */ = {
			isa = XCConfigurationList;
			buildConfigurations = (
				F24F68911C9BDAC100D8A3F9 /* Debug */,
				F24F68921C9BDAC100D8A3F9 /* Release */,
			);
			defaultConfigurationIsVisible = 0;
		};
/* End XCConfigurationList section */
	};
	rootObject = F24F685A1C9BDAC100D8A3F9 /* Project object */;
}
